
Microsoft Visual Studio Solution File, Format Version 12.00
# Visual Studio Version 17
VisualStudioVersion = 17.1.32328.378
MinimumVisualStudioVersion = 10.0.40219.1
Project("{FAE04EC0-301F-11D3-BF4B-00C04F79EFBC}") = "CookieStealer", "CookieStealer\CookieStealer.csproj", "{91B6A717-9150-4500-A011-50F7A12313BC}"
EndProject
Global
	GlobalSection(SolutionConfigurationPlatforms) = preSolution
		Debug|Any CPU = Debug|Any CPU
		Release|Any CPU = Release|Any CPU
	EndGlobalSection
	GlobalSection(ProjectConfigurationPlatforms) = postSolution
		{91B6A717-9150-4500-A011-50F7A12313BC}.Debug|Any CPU.ActiveCfg = Debug|Any CPU
		{91B6A717-9150-4500-A011-50F7A12313BC}.Debug|Any CPU.Build.0 = Debug|Any CPU
		{91B6A717-9150-4500-A011-50F7A12313BC}.Release|Any CPU.ActiveCfg = Release|Any CPU
		{91B6A717-9150-4500-A011-50F7A12313BC}.Release|Any CPU.Build.0 = Release|Any CPU
	EndGlobalSection
	GlobalSection(SolutionProperties) = preSolution
		HideSolutionNode = FALSE
	EndGlobalSection
	GlobalSection(ExtensibilityGlobals) = postSolution
		SolutionGuid = {610F5CB1-6966-4FE2-8A0C-BE8483B12ECD}
	EndGlobalSection
EndGlobal
